
Microsoft Visual Studio Solution File, Format Version 12.00
# Visual Studio Version 17
VisualStudioVersion = 17.13.35931.197 d17.13
MinimumVisualStudioVersion = 10.0.40219.1
Project("{FAE04EC0-301F-11D3-BF4B-00C04F79EFBC}") = "Appointment_Scheduler", "Appointment_Scheduler\Appointment_Scheduler.csproj", "{EA839A68-9BA0-4DB5-BDCF-500CFEF82855}"
EndProject
Project("{FAE04EC0-301F-11D3-BF4B-00C04F79EFBC}") = "Appointment_Scheduler.Tests", "Appointment_Scheduler.Tests\Appointment_Scheduler.Tests.csproj", "{729B0B7A-9A5A-4494-A6B5-60625C355E64}"
EndProject
Global
	GlobalSection(SolutionConfigurationPlatforms) = preSolution
		Debug|Any CPU = Debug|Any CPU
		Release|Any CPU = Release|Any CPU
	EndGlobalSection
	GlobalSection(ProjectConfigurationPlatforms) = postSolution
		{EA839A68-9BA0-4DB5-BDCF-500CFEF82855}.Debug|Any CPU.ActiveCfg = Debug|Any CPU
		{EA839A68-9BA0-4DB5-BDCF-500CFEF82855}.Debug|Any CPU.Build.0 = Debug|Any CPU
		{EA839A68-9BA0-4DB5-BDCF-500CFEF82855}.Release|Any CPU.ActiveCfg = Release|Any CPU
		{EA839A68-9BA0-4DB5-BDCF-500CFEF82855}.Release|Any CPU.Build.0 = Release|Any CPU
		{729B0B7A-9A5A-4494-A6B5-60625C355E64}.Debug|Any CPU.ActiveCfg = Debug|Any CPU
		{729B0B7A-9A5A-4494-A6B5-60625C355E64}.Debug|Any CPU.Build.0 = Debug|Any CPU
		{729B0B7A-9A5A-4494-A6B5-60625C355E64}.Release|Any CPU.ActiveCfg = Release|Any CPU
		{729B0B7A-9A5A-4494-A6B5-60625C355E64}.Release|Any CPU.Build.0 = Release|Any CPU
	EndGlobalSection
	GlobalSection(SolutionProperties) = preSolution
		HideSolutionNode = FALSE
	EndGlobalSection
	GlobalSection(ExtensibilityGlobals) = postSolution
		SolutionGuid = {829D0D9E-E6F7-4A35-B41B-5F9B19DC071F}
	EndGlobalSection
EndGlobal
